# This file is autogenerated, do not edit; changes may be undone by the next 'dep ensure'.


[[projects]]
  branch = "master"
  name = "github.com/thamaji/ioutils"
  packages = ["."]
  revision = "033c4d52b4b3083c3a48a5a2469e63f218783bb5"

[[projects]]
  branch = "master"
  name = "golang.org/x/crypto"
  packages = ["ssh/terminal"]
  revision = "a49355c7e3f8fe157a85be2f77e6e269a0f89602"

[[projects]]
  branch = "master"
  name = "golang.org/x/sys"
  packages = [
    "unix",
    "windows"
  ]
  revision = "151529c776cdc58ddbe7963ba9af779f3577b419"

[solve-meta]
  analyzer-name = "dep"
  analyzer-version = 1
  inputs-digest = "94abe5f12f0f20fed7a07eeb5f48cd99b829225aa33fb11e4aed77d6fed08595"
  solver-name = "gps-cdcl"
  solver-version = 1
